version = 1
revision = 3
requires-python = ">=3.8"

[[package]]
name = "numpy"
version = "1.23.2"
source = { registry = "https://pypi.org/simple" }
sdist = { url = "https://files.pythonhosted.org/packages/f4/66/17b8e95770478436bf968353c89683ce6f9e14d92e0d4fb3111c09ba18d2/numpy-1.23.2.tar.gz", hash = "sha256:b78d00e48261fbbd04aa0d7427cf78d18401ee0abd89c7559bbf422e5b1c7d01", size = 10719306, upload-time = "2022-08-14T00:26:23.795Z" }
wheels = [
    { url = "https://files.pythonhosted.org/packages/7a/c3/38e826f1c0697e7c5f50ebcfc15672b53d5204c629f2203f4c018d6f39b0/numpy-1.23.2-cp310-cp310-macosx_10_9_x86_64.whl", hash = "sha256:e603ca1fb47b913942f3e660a15e55a9ebca906857edfea476ae5f0fe9b457d5", size = 18106192, upload-time = "2022-08-14T00:14:09.173Z" },
    { url = "https://files.pythonhosted.org/packages/bd/f3/25f99b1312a072b729249293528a38327debf2b8e93aa84b59832e2c1a1f/numpy-1.23.2-cp310-cp310-macosx_11_0_arm64.whl", hash = "sha256:633679a472934b1c20a12ed0c9a6c9eb167fbb4cb89031939bfd03dd9dbc62b8", size = 13339773, upload-time = "2022-08-14T00:14:30.264Z" },
    { url = "https://files.pythonhosted.org/packages/15/aa/f831165eefc6e0f10082db7b314871490f30791f9e6a2ddc404828c77e67/numpy-1.23.2-cp310-cp310-manylinux_2_17_aarch64.manylinux2014_aarch64.whl", hash = "sha256:17e5226674f6ea79e14e3b91bfbc153fdf3ac13f5cc54ee7bc8fdbe820a32da0", size = 13922838, upload-time = "2022-08-14T00:14:50.987Z" },
    { url = "https://files.pythonhosted.org/packages/7f/99/43b8e647339c633c0648a6b29a8989971effb1ec03dd6994a1e23c6d3c08/numpy-1.23.2-cp310-cp310-manylinux_2_17_x86_64.manylinux2014_x86_64.whl", hash = "sha256:bdc02c0235b261925102b1bd586579b7158e9d0d07ecb61148a1799214a4afd5", size = 17035242, upload-time = "2022-08-14T00:15:16.579Z" },
    { url = "https://files.pythonhosted.org/packages/d5/57/29aa1125ebfa31c62386356a77ac68693c7bf32fb7d8d5deb97c875eeb4b/numpy-1.23.2-cp310-cp310-win32.whl", hash = "sha256:df28dda02c9328e122661f399f7655cdcbcf22ea42daa3650a26bce08a187450", size = 12189455, upload-time = "2022-08-14T00:15:35.254Z" },
    { url = "https://files.pythonhosted.org/packages/15/b1/166dc9111024caedff5f9bcce8f115ac532e0b117eddbb4cc545c42228e9/numpy-1.23.2-cp310-cp310-win_amd64.whl", hash = "sha256:8ebf7e194b89bc66b78475bd3624d92980fca4e5bb86dda08d677d786fefc414", size = 14638789, upload-time = "2022-08-14T00:15:56.95Z" },
    { url = "https://files.pythonhosted.org/packages/18/51/07c1c49cbf334b54f3f7a73c5a84a8244049bdf716b06611ff9de435620e/numpy-1.23.2-cp311-cp311-macosx_10_9_x86_64.whl", hash = "sha256:dc76bca1ca98f4b122114435f83f1fcf3c0fe48e4e6f660e07996abf2f53903c", size = 18077602, upload-time = "2022-08-14T00:16:26.996Z" },
    { url = "https://files.pythonhosted.org/packages/10/8e/843caee5e70d9edb8b01dc9418edbf475200abde5299136683006ed2d58b/numpy-1.23.2-cp311-cp311-macosx_11_0_arm64.whl", hash = "sha256:ecfdd68d334a6b97472ed032b5b37a30d8217c097acfff15e8452c710e775524", size = 13313691, upload-time = "2022-08-14T00:16:47.55Z" },
    { url = "https://files.pythonhosted.org/packages/96/2b/4c7c7b171e4112c65c88780ae9834e3bbcd44d443cc422b3422d0de1b0e4/numpy-1.23.2-cp311-cp311-manylinux_2_17_aarch64.manylinux2014_aarch64.whl", hash = "sha256:5593f67e66dea4e237f5af998d31a43e447786b2154ba1ad833676c788f37cde", size = 13918415, upload-time = "2022-08-14T00:17:08.36Z" },
    { url = "https://files.pythonhosted.org/packages/27/4b/4ee1067b542fbff6acc64ca937e7920f40706921ed5e3ea53f46a1d15670/numpy-1.23.2-cp311-cp311-manylinux_2_17_x86_64.manylinux2014_x86_64.whl", hash = "sha256:ac987b35df8c2a2eab495ee206658117e9ce867acf3ccb376a19e83070e69418", size = 17032409, upload-time = "2022-08-14T00:17:33.693Z" },
    { url = "https://files.pythonhosted.org/packages/49/c9/fa9cbbf6f9a1d870bf8e89d462dc46831728d02e6bcee477ed5bda6fced5/numpy-1.23.2-cp311-cp311-win32.whl", hash = "sha256:d98addfd3c8728ee8b2c49126f3c44c703e2b005d4a95998e2167af176a9e722", size = 12182428, upload-time = "2022-08-14T00:17:52.704Z" },
    { url = "https://files.pythonhosted.org/packages/f5/85/3b622959cc922874aee72fc5c9db87c3e3779c7404d0370faab80450a3f3/numpy-1.23.2-cp311-cp311-win_amd64.whl", hash = "sha256:8ecb818231afe5f0f568c81f12ce50f2b828ff2b27487520d85eb44c71313b9e", size = 14630485, upload-time = "2022-08-14T00:18:15.379Z" },
    { url = "https://files.pythonhosted.org/packages/fc/90/fa2ca0f2fcabbfd970e1e78f820d8639683c36525e1c89d9bd20e69230a7/numpy-1.23.2-cp38-cp38-macosx_10_9_x86_64.whl", hash = "sha256:909c56c4d4341ec8315291a105169d8aae732cfb4c250fbc375a1efb7a844f8f", size = 18079823, upload-time = "2022-08-14T00:18:42.075Z" },
    { url = "https://files.pythonhosted.org/packages/9f/de/e59ba2debde8bd3ef09f48222ad008c7ec8f21d5aef154869f08bbf487b8/numpy-1.23.2-cp38-cp38-macosx_11_0_arm64.whl", hash = "sha256:8247f01c4721479e482cc2f9f7d973f3f47810cbc8c65e38fd1bbd3141cc9842", size = 13315106, upload-time = "2022-08-14T00:19:02.454Z" },
    { url = "https://files.pythonhosted.org/packages/30/1c/729be6462c939a75f6e484ced255ce6ef4dbba1354b56928123c588deb48/numpy-1.23.2-cp38-cp38-manylinux_2_17_aarch64.manylinux2014_aarch64.whl", hash = "sha256:b8b97a8a87cadcd3f94659b4ef6ec056261fa1e1c3317f4193ac231d4df70215", size = 13963840, upload-time = "2022-08-14T00:19:23.412Z" },
    { url = "https://files.pythonhosted.org/packages/2c/5b/ba2f6d662dfc0c8c9927c05faf2e722a7a7f417ad4665800f819174b818f/numpy-1.23.2-cp38-cp38-manylinux_2_17_x86_64.manylinux2014_x86_64.whl", hash = "sha256:bd5b7ccae24e3d8501ee5563e82febc1771e73bd268eef82a1e8d2b4d556ae66", size = 17068322, upload-time = "2022-08-14T00:19:48.942Z" },
    { url = "https://files.pythonhosted.org/packages/8e/09/ddc6c59633bd34d716ac9bbefb945368bbcbb620fbcc3b45b1e4e6850651/numpy-1.23.2-cp38-cp38-win32.whl", hash = "sha256:9b83d48e464f393d46e8dd8171687394d39bc5abfe2978896b77dc2604e8635d", size = 12213174, upload-time = "2022-08-14T00:20:07.45Z" },
    { url = "https://files.pythonhosted.org/packages/fa/ca/5e0d36d65772b5ff586e94103cd9b2de216e544444651fc2681165c6d02c/numpy-1.23.2-cp38-cp38-win_amd64.whl", hash = "sha256:dec198619b7dbd6db58603cd256e092bcadef22a796f778bf87f8592b468441d", size = 14664169, upload-time = "2022-08-14T00:20:29.713Z" },
    { url = "https://files.pythonhosted.org/packages/c9/df/489be4464354bfb64b0ccae199740c4d89ce8b2a32ae2365c48166fd551a/numpy-1.23.2-cp39-cp39-macosx_10_9_x86_64.whl", hash = "sha256:4f41f5bf20d9a521f8cab3a34557cd77b6f205ab2116651f12959714494268b0", size = 18118804, upload-time = "2022-08-14T00:20:57.423Z" },
    { url = "https://files.pythonhosted.org/packages/14/ef/726b45ca7229d54d42f012b20e879b3566f794ce1ee3950ecc34f84f3821/numpy-1.23.2-cp39-cp39-macosx_11_0_arm64.whl", hash = "sha256:806cc25d5c43e240db709875e947076b2826f47c2c340a5a2f36da5bb10c58d6", size = 13349280, upload-time = "2022-08-14T00:21:17.646Z" },
    { url = "https://files.pythonhosted.org/packages/d0/d2/eb5aad7aae64618a128d0de3909058403cad0fd0391e0e21e302a8f7755c/numpy-1.23.2-cp39-cp39-manylinux_2_17_aarch64.manylinux2014_aarch64.whl", hash = "sha256:8f9d84a24889ebb4c641a9b99e54adb8cab50972f0166a3abc14c3b93163f074", size = 13949952, upload-time = "2022-08-14T00:21:38.469Z" },
    { url = "https://files.pythonhosted.org/packages/f8/ea/ff38168d6565a8549f819699cac4d89bbc38fc5b27fb94f8e92bcd713348/numpy-1.23.2-cp39-cp39-manylinux_2_17_x86_64.manylinux2014_x86_64.whl", hash = "sha256:c403c81bb8ffb1c993d0165a11493fd4bf1353d258f6997b3ee288b0a48fce77", size = 17055901, upload-time = "2022-08-14T00:22:03.661Z" },
    { url = "https://files.pythonhosted.org/packages/36/34/592e7862766847bb103e17518a149f7da83c3b223c7b8933bc26bbaf078b/numpy-1.23.2-cp39-cp39-win32.whl", hash = "sha256:cf8c6aed12a935abf2e290860af8e77b26a042eb7f2582ff83dc7ed5f963340c", size = 12212910, upload-time = "2022-08-14T00:22:22.241Z" },
    { url = "https://files.pythonhosted.org/packages/94/a8/f49341e9b3d766be1aaaeeb0f3b5ea783c03fe858b825e30259e6fa63ecd/numpy-1.23.2-cp39-cp39-win_amd64.whl", hash = "sha256:5e28cd64624dc2354a349152599e55308eb6ca95a13ce6a7d5679ebff2962913", size = 14663714, upload-time = "2022-08-14T00:22:45.002Z" },
    { url = "https://files.pythonhosted.org/packages/f6/20/001995044e785ee7b806785dcbf052c62bfd28f3b4bc1562b3d612754828/numpy-1.23.2-pp38-pypy38_pp73-macosx_10_9_x86_64.whl", hash = "sha256:806970e69106556d1dd200e26647e9bee5e2b3f1814f9da104a943e8d548ca38", size = 17518130, upload-time = "2022-08-14T00:23:10.975Z" },
    { url = "https://files.pythonhosted.org/packages/1f/9f/6c5e5076834e009c9a5fd009a8b8dedeb56976b64b71a53b718c916b43a3/numpy-1.23.2-pp38-pypy38_pp73-manylinux_2_17_x86_64.manylinux2014_x86_64.whl", hash = "sha256:2bd879d3ca4b6f39b7770829f73278b7c5e248c91d538aab1e506c628353e47f", size = 16454052, upload-time = "2022-08-14T00:23:35.463Z" },
    { url = "https://files.pythonhosted.org/packages/a5/ed/803b31039f613058b1359d48ca3a6be8116d7a49c644ab5958d0c059caf2/numpy-1.23.2-pp38-pypy38_pp73-win_amd64.whl", hash = "sha256:be6b350dfbc7f708d9d853663772a9310783ea58f6035eec649fb9c4371b5389", size = 14522082, upload-time = "2022-08-14T00:25:20.986Z" },
]

[[package]]
name = "pygame"
version = "2.1.2"
source = { registry = "https://pypi.org/simple" }
sdist = { url = "https://files.pythonhosted.org/packages/9a/50/67767e5586a45e7e7b02e6f0e07853f8fcb81b54c66db6278f1a1344491f/pygame-2.1.2.tar.gz", hash = "sha256:d6d0eca28f886f0477cd0721ac688189155a587f2bb8eae740e52ca56c3ad23c", size = 10132016, upload-time = "2021-12-27T04:13:05.198Z" }
wheels = [
    { url = "https://files.pythonhosted.org/packages/ee/30/fe8211b50c3d476a123509967c34c41c4505264c3fd0e76d4fc65e33be5e/pygame-2.1.2-cp310-cp310-macosx_10_9_x86_64.whl", hash = "sha256:f149e182d0eeef15d8a9b4c9dad1b87dc6eba3a99bd3c44a777a3a2b053a3dca", size = 8886264, upload-time = "2021-12-27T04:07:15.904Z" },
    { url = "https://files.pythonhosted.org/packages/c8/6a/93d43e82143571120d839a10c33d3caacf855f9b1e93e43cc34bc3368ab8/pygame-2.1.2-cp310-cp310-macosx_11_0_arm64.whl", hash = "sha256:dc4444d61d48c5546df5137cdf81554887ddb6e2ef1be7f51eb77ea3b6bdd56f", size = 8355927, upload-time = "2021-12-27T04:07:20.812Z" },
    { url = "https://files.pythonhosted.org/packages/1d/14/1a2b58897c2a70a8ae74e031791cf55fd545b110e1be84268fd743aa9670/pygame-2.1.2-cp310-cp310-manylinux_2_12_i686.manylinux2010_i686.whl", hash = "sha256:a0ccf8e3dce7ca67d523a6020b7e3dbf4b26797a9a8db5cc4c7b5ef20fb64701", size = 18637618, upload-time = "2021-12-27T04:07:28.556Z" },
    { url = "https://files.pythonhosted.org/packages/59/b2/68e2b70d52453dc42a4ad8197cebefd3a26555f9280de6a692cfdeb7d284/pygame-2.1.2-cp310-cp310-manylinux_2_12_x86_64.manylinux2010_x86_64.whl", hash = "sha256:7889dce887ec83c9a0bef8d9eb3669d8863fdaf37c45bacec707d8ad90b24a38", size = 21233598, upload-time = "2021-12-27T04:07:37.684Z" },
    { url = "https://files.pythonhosted.org/packages/20/5e/78fb214bf1d10656cad0dec838a8778213e6e4decbe732b72705caabfa86/pygame-2.1.2-cp310-cp310-manylinux_2_17_aarch64.manylinux2014_aarch64.whl", hash = "sha256:db2f40d5a75fd9cdda473c58b0d8b294da6e0179f00bb3b1fc2f7f29cac09bea", size = 20748359, upload-time = "2021-12-27T04:07:45.74Z" },
    { url = "https://files.pythonhosted.org/packages/79/ca/16120612af4bb9514b0221281448214a8b7989d44db243c90b088871c5ec/pygame-2.1.2-cp310-cp310-manylinux_2_17_i686.manylinux2014_i686.whl", hash = "sha256:e4b4cd440d50a9f8551b8989e856aab175593af07eb825cad22fd2f8f6f2ffce", size = 21067448, upload-time = "2021-12-27T04:07:54.682Z" },
    { url = "https://files.pythonhosted.org/packages/56/56/0f26c8f73306f68dcc6577d58af04e3014b756aaf2effb9e73e7930707c5/pygame-2.1.2-cp310-cp310-manylinux_2_17_x86_64.manylinux2014_x86_64.whl", hash = "sha256:754c2906f2ef47173a14493e1de116b2a56a2c8e1764f1202ba844d080248a5b", size = 21850121, upload-time = "2021-12-27T04:08:03.699Z" },
    { url = "https://files.pythonhosted.org/packages/db/66/24bab23d7a823208c849c48c8a4149b1412483bf7d8527d9bc9552357f50/pygame-2.1.2-cp310-cp310-win32.whl", hash = "sha256:c99b95e62cdda29c2e60235d7763447c168a6a877403e6f9ca5b2e2bb297c2ce", size = 8118011, upload-time = "2021-12-27T04:17:35.949Z" },
    { url = "https://files.pythonhosted.org/packages/33/63/3358b79ac62cc67e4051add2f3da13f15c92050c7acc1b73538b7bf32d95/pygame-2.1.2-cp310-cp310-win_amd64.whl", hash = "sha256:9649419254d3282dae41f23837de4108b17bc62187c3acd8af2ae3801b765cbd", size = 8446112, upload-time = "2021-12-27T04:27:25.04Z" },
    { url = "https://files.pythonhosted.org/packages/a6/85/14749df9aae13d62923f1b005560151509960e36ee69caf4021abb9a254d/pygame-2.1.2-cp38-cp38-macosx_10_9_x86_64.whl", hash = "sha256:2405414d8c572668e04739875661e030a0c588e197fa95463fe301c3d0a0510b", size = 8873251, upload-time = "2021-12-27T04:10:12.313Z" },
    { url = "https://files.pythonhosted.org/packages/60/7b/abc7c113968ccf34141592e3f6552baff35c30e2d5ca3920fc55115fb2fc/pygame-2.1.2-cp38-cp38-macosx_11_0_arm64.whl", hash = "sha256:e8632f6b2ddb90f6f3950744bd65d5ef15af615e3034057fa30ff836f48a7179", size = 8346459, upload-time = "2021-12-27T04:10:16.554Z" },
    { url = "https://files.pythonhosted.org/packages/a3/7e/5e88a7d9560ac0b438c9c3abb5564c426ab299eea94727b38e19dd06fd9f/pygame-2.1.2-cp38-cp38-manylinux_2_12_i686.manylinux2010_i686.whl", hash = "sha256:ca5ef1315fa67c241a657ab077be44f230c05740c95f0b46409457dceefdc7e5", size = 18635806, upload-time = "2021-12-27T04:10:24.075Z" },
    { url = "https://files.pythonhosted.org/packages/08/9d/b18d0019e92ce4146026234beaeec13545b881fd5e7da6b7e3d8a50c34d9/pygame-2.1.2-cp38-cp38-manylinux_2_12_x86_64.manylinux2010_x86_64.whl", hash = "sha256:1219a963941bd53aa754e8449364c142004fe706c33a9c22ff2a76521a82d078", size = 21233526, upload-time = "2021-12-27T04:10:33.108Z" },
    { url = "https://files.pythonhosted.org/packages/fc/87/60ab97957abc321842207d6642fec91b39c05023967fc42134c7a1957371/pygame-2.1.2-cp38-cp38-manylinux_2_17_aarch64.manylinux2014_aarch64.whl", hash = "sha256:3bb0674aa789848ddc264bfc60c54965bf3bb659c141de4f600e379acc9b944c", size = 20747338, upload-time = "2021-12-27T04:10:41.821Z" },
    { url = "https://files.pythonhosted.org/packages/5e/f6/38e76872423c95fa46b250fe300e216b62595d748598fea77ac5c02d0540/pygame-2.1.2-cp38-cp38-manylinux_2_17_i686.manylinux2014_i686.whl", hash = "sha256:24254c4244f0d9bdc904f5d3f38e86757ca4c6aa0e44a6d55ef5e016bc7274d6", size = 21065941, upload-time = "2021-12-27T04:10:50.454Z" },
    { url = "https://files.pythonhosted.org/packages/a5/3c/bfe802949ce0156678db84de0f8a6f29a23562d8abb430a4d1622114dde4/pygame-2.1.2-cp38-cp38-manylinux_2_17_x86_64.manylinux2014_x86_64.whl", hash = "sha256:97a74ba186deee68318a52637012ef6abf5be6282c659e1d1ba6ad08cf35ec85", size = 21848701, upload-time = "2021-12-27T04:10:59.243Z" },
    { url = "https://files.pythonhosted.org/packages/dc/66/0e281ee9d6a7fe368728b57152c00178db288066cc8a12496a360f9278fb/pygame-2.1.2-cp38-cp38-manylinux_2_5_i686.manylinux1_i686.whl", hash = "sha256:0e97d38308c441942577fea7fcd1326308bc56d6be6c024218e94d075d322e0f", size = 15960087, upload-time = "2021-12-27T04:11:05.942Z" },
    { url = "https://files.pythonhosted.org/packages/28/3a/083ba63961253490d6b48ac8b717411b8717c68a90d3eaf3d0b1ff6f1702/pygame-2.1.2-cp38-cp38-manylinux_2_5_x86_64.manylinux1_x86_64.whl", hash = "sha256:ea36f4f93524554a35cac2359df63b50af6556ed866830aa1f07f0d8580280ea", size = 16869911, upload-time = "2021-12-27T04:11:13.387Z" },
    { url = "https://files.pythonhosted.org/packages/e8/22/7598526fdf76c4715202a28855d72a8a867386a3552c7bc438956a3f4291/pygame-2.1.2-cp38-cp38-win32.whl", hash = "sha256:4aa3ae32320cc704d63e185864e44f6265c2a6e52c9384afe152cc3d51b3a2ef", size = 8118649, upload-time = "2021-12-27T04:13:34.404Z" },
    { url = "https://files.pythonhosted.org/packages/42/8a/a8c6d99971f57111d6a0e6200c310fcfbda56c94aa86b53e6c586dd267ca/pygame-2.1.2-cp38-cp38-win_amd64.whl", hash = "sha256:9d7b021b8dde5d528363e474bc18bd6f79a9666eef89fb4859bcb8f0a536c9de", size = 8445905, upload-time = "2021-12-27T04:23:25.165Z" },
    { url = "https://files.pythonhosted.org/packages/ff/f0/46fb05ec41021a68c1bbadae61c7f9a02d04dcdeb6b33deb1b31dc275f4e/pygame-2.1.2-cp39-cp39-macosx_10_9_x86_64.whl", hash = "sha256:660c80c0b2e80f1f801715583b759fb4c7bc0c11eb3b534e89c9fc4bfbc38acd", size = 8885780, upload-time = "2021-12-27T04:11:18.93Z" },
    { url = "https://files.pythonhosted.org/packages/25/ca/a119794d139fde6fd5e728301844adfd8771535647268337fcb27e568b39/pygame-2.1.2-cp39-cp39-macosx_11_0_arm64.whl", hash = "sha256:dad6bf3fdd3752d7519422f3732be779b98fe7c87d32c3efe2fdffdcbeebb6ca", size = 8355398, upload-time = "2021-12-27T04:11:23.801Z" },
    { url = "https://files.pythonhosted.org/packages/3c/8d/57f72faaea56d0d6538c56728909029811671c7f71998eabc6181af8ef83/pygame-2.1.2-cp39-cp39-manylinux_2_12_i686.manylinux2010_i686.whl", hash = "sha256:119dee20c372c85dc47b717119534d15a60c64ceab8b0eb09278866d10486afe", size = 18637053, upload-time = "2021-12-27T04:11:31.667Z" },
    { url = "https://files.pythonhosted.org/packages/65/b0/96dd7c82b7db2869b6e2fc1aa69906016b95e09957a648b41fa7e1d0dcd3/pygame-2.1.2-cp39-cp39-manylinux_2_12_x86_64.manylinux2010_x86_64.whl", hash = "sha256:fc2e5db54491e8f27785fc5204c96f540d3557dcf5b0a9a857b6594d6b32561b", size = 21233451, upload-time = "2021-12-27T04:11:39.986Z" },
    { url = "https://files.pythonhosted.org/packages/db/26/97acecde2228aac7ec254bb4075a3bde97fc5d8742f28104bd1f97a503ef/pygame-2.1.2-cp39-cp39-manylinux_2_17_aarch64.manylinux2014_aarch64.whl", hash = "sha256:d2d3c50ee9847b743db6cd7b1bb17a94c2c2abc16679d70f5e745cabdf19e655", size = 20747976, upload-time = "2021-12-27T04:11:48.494Z" },
    { url = "https://files.pythonhosted.org/packages/44/6c/b7312af9df6461ec1715c690e780034ea82c19951f83d8530dfb95f10563/pygame-2.1.2-cp39-cp39-manylinux_2_17_i686.manylinux2014_i686.whl", hash = "sha256:6ecda8dd4583982bb65f9c682f244a5e94524dcf628379766227e9ed97201a49", size = 21067519, upload-time = "2021-12-27T04:11:56.492Z" },
    { url = "https://files.pythonhosted.org/packages/f8/50/b66e54176f785ce6a812f63f870995b345110698e22dda214d5087dc506e/pygame-2.1.2-cp39-cp39-manylinux_2_17_x86_64.manylinux2014_x86_64.whl", hash = "sha256:0e06ae8e1c830f1b9c36a2bc6bb11de840232e95b78e2c349c6ed803a303be19", size = 21850611, upload-time = "2021-12-27T04:12:05.509Z" },
    { url = "https://files.pythonhosted.org/packages/db/f2/27aa8193b7b99afc0247564c97e85d149308bff284e17a6345a5f0347c67/pygame-2.1.2-cp39-cp39-manylinux_2_5_i686.manylinux1_i686.whl", hash = "sha256:c5ea87da5fe4b6164c3854f3b0c9146811dbad0dd7fa74297683dfacc485ae1c", size = 15959841, upload-time = "2021-12-27T04:12:12.967Z" },
    { url = "https://files.pythonhosted.org/packages/77/2f/56e5b2dfea6ee1d0120885e9c3bf4df710c263f406217e7826f65a5d7c55/pygame-2.1.2-cp39-cp39-manylinux_2_5_x86_64.manylinux1_x86_64.whl", hash = "sha256:0427c103f741234336e5606d2fad86f5403c1a3d1dc55c309fbff3c984f0c9ae", size = 16868295, upload-time = "2021-12-27T04:12:19.699Z" },
    { url = "https://files.pythonhosted.org/packages/40/06/3d6db91834439422965351d358aed526d27fb772b8675cb44f8c9f7b8fc9/pygame-2.1.2-cp39-cp39-win32.whl", hash = "sha256:5e88b0d4338b94960686f59396f23f7f684fed4859fcc3b9f40286d72c1c61af", size = 8118481, upload-time = "2021-12-27T04:15:30.563Z" },
    { url = "https://files.pythonhosted.org/packages/e9/11/3f8bfcfd5a6e69660e8b3002377d2b556c78d8d7c62174cd5d584ad3f232/pygame-2.1.2-cp39-cp39-win_amd64.whl", hash = "sha256:5d0c14152d0ca8ef5fbcc5ed9981462bdf59a9ae85a291e62d8a8d0b7e5cbe43", size = 8446529, upload-time = "2021-12-27T04:25:26.342Z" },
]

[[package]]
name = "sudoku"
version = "0.1.0"
source = { virtual = "." }
dependencies = [
    { name = "numpy" },
    { name = "pygame" },
]

[package.metadata]
requires-dist = [
    { name = "numpy", specifier = "==1.23.2" },
    { name = "pygame", specifier = "==2.1.2" },
]
